
Microsoft Visual Studio Solution File, Format Version 12.00
# Visual Studio Version 17
VisualStudioVersion = 17.14.36915.13 d17.14
MinimumVisualStudioVersion = 10.0.40219.1
Project("{FAE04EC0-301F-11D3-BF4B-00C04F79EFBC}") = "StarCatalog.Web", "StarCatalog.Web\StarCatalog.Web.csproj", "{5B51B86B-BAC9-42F8-A698-95A6D1241B19}"
EndProject
Global
	GlobalSection(SolutionConfigurationPlatforms) = preSolution
		Debug|Any CPU = Debug|Any CPU
		Release|Any CPU = Release|Any CPU
	EndGlobalSection
	GlobalSection(ProjectConfigurationPlatforms) = postSolution
		{5B51B86B-BAC9-42F8-A698-95A6D1241B19}.Debug|Any CPU.ActiveCfg = Debug|Any CPU
		{5B51B86B-BAC9-42F8-A698-95A6D1241B19}.Debug|Any CPU.Build.0 = Debug|Any CPU
		{5B51B86B-BAC9-42F8-A698-95A6D1241B19}.Release|Any CPU.ActiveCfg = Release|Any CPU
		{5B51B86B-BAC9-42F8-A698-95A6D1241B19}.Release|Any CPU.Build.0 = Release|Any CPU
	EndGlobalSection
	GlobalSection(SolutionProperties) = preSolution
		HideSolutionNode = FALSE
	EndGlobalSection
	GlobalSection(ExtensibilityGlobals) = postSolution
		SolutionGuid = {33EE89C9-50B4-408B-BD0A-C62A59CB5A92}
	EndGlobalSection
EndGlobal
